<?xml version="1.0" encoding="utf-8"?>
<Project ToolsVersion="4.0" xmlns="http://schemas.microsoft.com/developer/msbuild/2003">
  <ItemGroup>
    <Filter Include="Source Files">
      <UniqueIdentifier>{4FC737F1-C7A5-4376-A066-2A32D752A2FF}</UniqueIdentifier>
      <Extensions>cpp;c;cc;cxx;def;odl;idl;hpj;bat;asm;asmx</Extensions>
    </Filter>
    <Filter Include="Header Files">
      <UniqueIdentifier>{93995380-89BD-4b04-88EB-625FBE52EBFB}</UniqueIdentifier>
      <Extensions>h;hh;hpp;hxx;hm;inl;inc;xsd</Extensions>
    </Filter>
    <Filter Include="Resource Files">
      <UniqueIdentifier>{67DA6AB6-F800-4c08-8B7A-83BB121AAD01}</UniqueIdentifier>
      <Extensions>qrc;rc;ico;cur;bmp;dlg;rc2;rct;bin;rgs;gif;jpg;jpeg;jpe;resx;tiff;tif;png;wav;mfcribbon-ms</Extensions>
    </Filter>
    <Filter Include="Form Files">
      <UniqueIdentifier>{99349809-55BA-4b9d-BF79-8FDBB0286EB3}</UniqueIdentifier>
      <Extensions>ui</Extensions>
    </Filter>
    <Filter Include="Translation Files">
      <UniqueIdentifier>{639EADAA-A684-42e4-A9AD-28FC9BCB8F7C}</UniqueIdentifier>
      <Extensions>ts</Extensions>
    </Filter>
  </ItemGroup>
  <ItemGroup>
    <ClCompile Include="src\main.cpp">
      <Filter>Source Files</Filter>
    </ClCompile>
    <ClCompile Include="src\NothingMainWindow.cpp">
      <Filter>Source Files</Filter>
    </ClCompile>
    <ClCompile Include="src\share\jsoncpp\jsoncpp.cpp">
      <Filter>Source Files</Filter>
    </ClCompile>
    <ClCompile Include="src\utils\NothingLogger.cpp">
      <Filter>Source Files</Filter>
    </ClCompile>
    <ClCompile Include="src\utils\NothingMisc_utils.cpp">
      <Filter>Source Files</Filter>
    </ClCompile>
    <ClCompile Include="src\utils\NothingPathResolve.cpp">
      <Filter>Source Files</Filter>
    </ClCompile>
    <ClCompile Include="src\share\QtAwesome\QtAwesome.cpp">
      <Filter>Source Files</Filter>
    </ClCompile>
    <ClCompile Include="src\share\QtAwesome\QtAwesomeAnim.cpp">
      <Filter>Source Files</Filter>
    </ClCompile>
    <ClCompile Include="src\utils\NothingStyleHelper.cpp">
      <Filter>Source Files</Filter>
    </ClCompile>
    <ClCompile Include="src\widgets\LeftBar.cpp">
      <Filter>Source Files</Filter>
    </ClCompile>
    <ClCompile Include="src\widgets\NothingTrayIcon.cpp">
      <Filter>Source Files</Filter>
    </ClCompile>
    <ClCompile Include="src\widgets\CustomButton.cpp">
      <Filter>Source Files</Filter>
    </ClCompile>
    <ClCompile Include="src\widgets\LoginButton.cpp">
      <Filter>Source Files</Filter>
    </ClCompile>
    <ClCompile Include="src\widgets\LoginWidget.cpp">
      <Filter>Source Files</Filter>
    </ClCompile>
    <ClCompile Include="src\widgets\NothingListWidget.cpp">
      <Filter>Source Files</Filter>
    </ClCompile>
    <ClCompile Include="src\widgets\RightTopButton.cpp">
      <Filter>Source Files</Filter>
    </ClCompile>
    <ClCompile Include="src\widgets\ForumWidget.cpp">
      <Filter>Source Files</Filter>
    </ClCompile>
    <ClCompile Include="src\widgets\DownloadWidget.cpp">
      <Filter>Source Files</Filter>
    </ClCompile>
    <ClCompile Include="src\widgets\DownloadingTab.cpp">
      <Filter>Source Files</Filter>
    </ClCompile>
    <ClCompile Include="src\widgets\DoneTab.cpp">
      <Filter>Source Files</Filter>
    </ClCompile>
    <ClCompile Include="src\widgets\DownloadingItem.cpp">
      <Filter>Source Files</Filter>
    </ClCompile>
    <ClCompile Include="src\widgets\DoneItem.cpp">
      <Filter>Source Files</Filter>
    </ClCompile>
    <ClCompile Include="src\widgets\ServerTest.cpp">
      <Filter>Source Files</Filter>
    </ClCompile>
  </ItemGroup>
  <ItemGroup>
    <QtMoc Include="src\NothingMainWindow.h">
      <Filter>Header Files</Filter>
    </QtMoc>
    <QtMoc Include="src\utils\NothingLogger.h">
      <Filter>Header Files</Filter>
    </QtMoc>
    <QtMoc Include="src\share\QtAwesome\QtAwesome.h">
      <Filter>Header Files</Filter>
    </QtMoc>
    <QtMoc Include="src\share\QtAwesome\QtAwesomeAnim.h">
      <Filter>Header Files</Filter>
    </QtMoc>
    <QtMoc Include="src\widgets\LeftBar.h">
      <Filter>Header Files</Filter>
    </QtMoc>
    <QtMoc Include="src\widgets\NothingTrayIcon.h">
      <Filter>Header Files</Filter>
    </QtMoc>
    <QtMoc Include="src\widgets\CustomButton.h">
      <Filter>Header Files</Filter>
    </QtMoc>
    <QtMoc Include="src\widgets\LoginButton.h">
      <Filter>Header Files</Filter>
    </QtMoc>
    <QtMoc Include="src\widgets\LoginWidget.h">
      <Filter>Header Files</Filter>
    </QtMoc>
    <QtMoc Include="src\widgets\NothingListWidget.h">
      <Filter>Header Files</Filter>
    </QtMoc>
    <QtMoc Include="src\widgets\RightTopButton.h">
      <Filter>Header Files</Filter>
    </QtMoc>
    <QtMoc Include="src\widgets\ForumWidget.h">
      <Filter>Header Files</Filter>
    </QtMoc>
    <QtMoc Include="src\widgets\DownloadWidget.h">
      <Filter>Header Files</Filter>
    </QtMoc>
    <QtMoc Include="src\widgets\DoneTab.h">
      <Filter>Header Files</Filter>
    </QtMoc>
    <QtMoc Include="src\widgets\DownloadingTab.h">
      <Filter>Header Files</Filter>
    </QtMoc>
    <QtMoc Include="src\widgets\DownloadingItem.h">
      <Filter>Header Files</Filter>
    </QtMoc>
    <QtMoc Include="src\widgets\DoneItem.h">
      <Filter>Header Files</Filter>
    </QtMoc>
    <QtMoc Include="src\widgets\ServerTest.h">
      <Filter>Header Files</Filter>
    </QtMoc>
  </ItemGroup>
  <ItemGroup>
    <QtRcc Include="resource\NothingClient.qrc">
      <Filter>Resource Files</Filter>
    </QtRcc>
    <QtRcc Include="src\share\QtAwesome\QtAwesome.qrc">
      <Filter>Resource Files</Filter>
    </QtRcc>
  </ItemGroup>
  <ItemGroup>
    <ClInclude Include="src\share\jsoncpp\json\json.h">
      <Filter>Header Files</Filter>
    </ClInclude>
    <ClInclude Include="src\share\jsoncpp\json\json-forwards.h">
      <Filter>Header Files</Filter>
    </ClInclude>
    <ClInclude Include="src\utils\Singleton.h">
      <Filter>Header Files</Filter>
    </ClInclude>
    <ClInclude Include="src\utils\noncopyable.h">
      <Filter>Header Files</Filter>
    </ClInclude>
    <ClInclude Include="src\utils\NothingMisc_utils.h">
      <Filter>Header Files</Filter>
    </ClInclude>
    <ClInclude Include="src\utils\NothingPathResolve.h">
      <Filter>Header Files</Filter>
    </ClInclude>
    <ClInclude Include="src\utils\NothingStyleHelper.h">
      <Filter>Header Files</Filter>
    </ClInclude>
  </ItemGroup>
  <ItemGroup>
    <QtUic Include="src\widgets\ServerTest.ui">
      <Filter>Form Files</Filter>
    </QtUic>
  </ItemGroup>
</Project>