
Microsoft Visual Studio Solution File, Format Version 12.00
# Visual Studio Version 16
VisualStudioVersion = 16.0.31702.278
MinimumVisualStudioVersion = 10.0.40219.1
Project("{8BC9CEB8-8B4A-11D0-8D11-00A0C91BC942}") = "NothingClient", "NothingClient.vcxproj", "{4045A4C2-F54A-440D-BDCE-F01B681D5DC0}"
EndProject
Project("{8BC9CEB8-8B4A-11D0-8D11-00A0C91BC942}") = "Test", "..\qt_code\Test\Test.vcxproj", "{050C428F-2B4E-4711-9F0E-3FB1776CF13E}"
EndProject
Global
	GlobalSection(SolutionConfigurationPlatforms) = preSolution
		Debug|x64 = Debug|x64
		Release|x64 = Release|x64
	EndGlobalSection
	GlobalSection(ProjectConfigurationPlatforms) = postSolution
		{4045A4C2-F54A-440D-BDCE-F01B681D5DC0}.Debug|x64.ActiveCfg = Debug|x64
		{4045A4C2-F54A-440D-BDCE-F01B681D5DC0}.Debug|x64.Build.0 = Debug|x64
		{4045A4C2-F54A-440D-BDCE-F01B681D5DC0}.Release|x64.ActiveCfg = Release|x64
		{4045A4C2-F54A-440D-BDCE-F01B681D5DC0}.Release|x64.Build.0 = Release|x64
		{050C428F-2B4E-4711-9F0E-3FB1776CF13E}.Debug|x64.ActiveCfg = Debug|x64
		{050C428F-2B4E-4711-9F0E-3FB1776CF13E}.Debug|x64.Build.0 = Debug|x64
		{050C428F-2B4E-4711-9F0E-3FB1776CF13E}.Release|x64.ActiveCfg = Release|x64
		{050C428F-2B4E-4711-9F0E-3FB1776CF13E}.Release|x64.Build.0 = Release|x64
	EndGlobalSection
	GlobalSection(SolutionProperties) = preSolution
		HideSolutionNode = FALSE
	EndGlobalSection
	GlobalSection(ExtensibilityGlobals) = postSolution
		SolutionGuid = {5B6ABAB7-C9D9-4691-BF7A-78CF58C8F3FE}
	EndGlobalSection
EndGlobal
